{
  "name": "Server",
  "lockfileVersion": 3,
  "requires": true,
  "packages": {
    "": {
      "dependencies": {
        "@bigballsdata/sdk": "^0.1.1"
      }
    },
    "node_modules/@bigballsdata/sdk": {
      "version": "0.1.1",
      "resolved": "https://registry.npmjs.org/@bigballsdata/sdk/-/sdk-0.1.1.tgz",
      "integrity": "sha512-iApGfQV8ItanyjMfwrUP80OOf8y1S54kfxcSBA2ZembiNu3hS3AnJjaPBOtjlFPHpkRBEPvDG6IZO1Dm11xuSA==",
      "license": "UNLICENSED",
      "engines": {
        "node": ">=18.0.0"
      }
    }
  }
}
